// !$*UTF8*$!
{
	archiveVersion = 1;
	classes = {
	};
	objectVersion = 56;
	objects = {

/* Begin PBXBuildFile section */
		801CC723D01ADA38EA825B92 /* Pods_ToDo_Realm.framework in Frameworks */ = {isa = PBXBuildFile; fileRef = EE1F63D7F032BF9C2F70E4E2 /* Pods_ToDo_Realm.framework */; };
		D26636C42947D09E001FFAE0 /* AppDelegate.swift in Sources */ = {isa = PBXBuildFile; fileRef = D26636C32947D09E001FFAE0 /* AppDelegate.swift */; };
		D26636C62947D09E001FFAE0 /* SceneDelegate.swift in Sources */ = {isa = PBXBuildFile; fileRef = D26636C52947D09E001FFAE0 /* SceneDelegate.swift */; };
		D26636CB2947D09E001FFAE0 /* Main.storyboard in Resources */ = {isa = PBXBuildFile; fileRef = D26636C92947D09E001FFAE0 /* Main.storyboard */; };
		D26636CD2947D09F001FFAE0 /* Assets.xcassets in Resources */ = {isa = PBXBuildFile; fileRef = D26636CC2947D09F001FFAE0 /* Assets.xcassets */; };
		D26636D02947D09F001FFAE0 /* LaunchScreen.storyboard in Resources */ = {isa = PBXBuildFile; fileRef = D26636CE2947D09F001FFAE0 /* LaunchScreen.storyboard */; };
		D26636D92947D8F0001FFAE0 /* RealmSwift in Frameworks */ = {isa = PBXBuildFile; productRef = D26636D82947D8F0001FFAE0 /* RealmSwift */; };
		D26636E32947DE23001FFAE0 /* CategoryTableViewController.swift in Sources */ = {isa = PBXBuildFile; fileRef = D26636E22947DE23001FFAE0 /* CategoryTableViewController.swift */; };
		D26636E52947DE2F001FFAE0 /* TableViewController.swift in Sources */ = {isa = PBXBuildFile; fileRef = D26636E42947DE2F001FFAE0 /* TableViewController.swift */; };
		D26636E72947DE8A001FFAE0 /* Category.swift in Sources */ = {isa = PBXBuildFile; fileRef = D26636E62947DE8A001FFAE0 /* Category.swift */; };
		D26636E92947DE94001FFAE0 /* Item.swift in Sources */ = {isa = PBXBuildFile; fileRef = D26636E82947DE94001FFAE0 /* Item.swift */; };
/* End PBXBuildFile section */

/* Begin PBXFileReference section */
		4ABFFD7771B5A397E1E35EA4 /* Pods-ToDo-Realm.debug.xcconfig */ = {isa = PBXFileReference; includeInIndex = 1; lastKnownFileType = text.xcconfig; name = "Pods-ToDo-Realm.debug.xcconfig"; path = "Target Support Files/Pods-ToDo-Realm/Pods-ToDo-Realm.debug.xcconfig"; sourceTree = "<group>"; };
		D26636C02947D09E001FFAE0 /* ToDo-Realm.app */ = {isa = PBXFileReference; explicitFileType = wrapper.application; includeInIndex = 0; path = "ToDo-Realm.app"; sourceTree = BUILT_PRODUCTS_DIR; };
		D26636C32947D09E001FFAE0 /* AppDelegate.swift */ = {isa = PBXFileReference; lastKnownFileType = sourcecode.swift; path = AppDelegate.swift; sourceTree = "<group>"; };
		D26636C52947D09E001FFAE0 /* SceneDelegate.swift */ = {isa = PBXFileReference; lastKnownFileType = sourcecode.swift; path = SceneDelegate.swift; sourceTree = "<group>"; };
		D26636CA2947D09E001FFAE0 /* Base */ = {isa = PBXFileReference; lastKnownFileType = file.storyboard; name = Base; path = Base.lproj/Main.storyboard; sourceTree = "<group>"; };
		D26636CC2947D09F001FFAE0 /* Assets.xcassets */ = {isa = PBXFileReference; lastKnownFileType = folder.assetcatalog; path = Assets.xcassets; sourceTree = "<group>"; };
		D26636CF2947D09F001FFAE0 /* Base */ = {isa = PBXFileReference; lastKnownFileType = file.storyboard; name = Base; path = Base.lproj/LaunchScreen.storyboard; sourceTree = "<group>"; };
		D26636D12947D09F001FFAE0 /* Info.plist */ = {isa = PBXFileReference; lastKnownFileType = text.plist.xml; path = Info.plist; sourceTree = "<group>"; };
		D26636E22947DE23001FFAE0 /* CategoryTableViewController.swift */ = {isa = PBXFileReference; lastKnownFileType = sourcecode.swift; path = CategoryTableViewController.swift; sourceTree = "<group>"; };
		D26636E42947DE2F001FFAE0 /* TableViewController.swift */ = {isa = PBXFileReference; lastKnownFileType = sourcecode.swift; path = TableViewController.swift; sourceTree = "<group>"; };
		D26636E62947DE8A001FFAE0 /* Category.swift */ = {isa = PBXFileReference; lastKnownFileType = sourcecode.swift; path = Category.swift; sourceTree = "<group>"; };
		D26636E82947DE94001FFAE0 /* Item.swift */ = {isa = PBXFileReference; lastKnownFileType = sourcecode.swift; path = Item.swift; sourceTree = "<group>"; };
		EB48B5EC390E987A09B77798 /* Pods-ToDo-Realm.release.xcconfig */ = {isa = PBXFileReference; includeInIndex = 1; lastKnownFileType = text.xcconfig; name = "Pods-ToDo-Realm.release.xcconfig"; path = "Target Support Files/Pods-ToDo-Realm/Pods-ToDo-Realm.release.xcconfig"; sourceTree = "<group>"; };
		EE1F63D7F032BF9C2F70E4E2 /* Pods_ToDo_Realm.framework */ = {isa = PBXFileReference; explicitFileType = wrapper.framework; includeInIndex = 0; path = Pods_ToDo_Realm.framework; sourceTree = BUILT_PRODUCTS_DIR; };
/* End PBXFileReference section */

/* Begin PBXFrameworksBuildPhase section */
		D26636BD2947D09E001FFAE0 /* Frameworks */ = {
			isa = PBXFrameworksBuildPhase;
			buildActionMask = 2147483647;
			files = (
				D26636D92947D8F0001FFAE0 /* RealmSwift in Frameworks */,
				801CC723D01ADA38EA825B92 /* Pods_ToDo_Realm.framework in Frameworks */,
			);
			runOnlyForDeploymentPostprocessing = 0;
		};
/* End PBXFrameworksBuildPhase section */

/* Begin PBXGroup section */
		5410394E5DA21943673B4C28 /* Frameworks */ = {
			isa = PBXGroup;
			children = (
				EE1F63D7F032BF9C2F70E4E2 /* Pods_ToDo_Realm.framework */,
			);
			name = Frameworks;
			sourceTree = "<group>";
		};
		90C33EF31887FEDB430BADDE /* Pods */ = {
			isa = PBXGroup;
			children = (
				4ABFFD7771B5A397E1E35EA4 /* Pods-ToDo-Realm.debug.xcconfig */,
				EB48B5EC390E987A09B77798 /* Pods-ToDo-Realm.release.xcconfig */,
			);
			path = Pods;
			sourceTree = "<group>";
		};
		D26636B72947D09E001FFAE0 = {
			isa = PBXGroup;
			children = (
				D26636C22947D09E001FFAE0 /* ToDo-Realm */,
				D26636C12947D09E001FFAE0 /* Products */,
				90C33EF31887FEDB430BADDE /* Pods */,
				5410394E5DA21943673B4C28 /* Frameworks */,
			);
			sourceTree = "<group>";
		};
		D26636C12947D09E001FFAE0 /* Products */ = {
			isa = PBXGroup;
			children = (
				D26636C02947D09E001FFAE0 /* ToDo-Realm.app */,
			);
			name = Products;
			sourceTree = "<group>";
		};
		D26636C22947D09E001FFAE0 /* ToDo-Realm */ = {
			isa = PBXGroup;
			children = (
				D26636C32947D09E001FFAE0 /* AppDelegate.swift */,
				D26636C52947D09E001FFAE0 /* SceneDelegate.swift */,
				D26636DD2947DA19001FFAE0 /* Supporting Files */,
				D26636DC2947DA12001FFAE0 /* Controller */,
				D26636DB2947DA09001FFAE0 /* View */,
				D26636DA2947D9F2001FFAE0 /* Model */,
				D26636CC2947D09F001FFAE0 /* Assets.xcassets */,
				D26636CE2947D09F001FFAE0 /* LaunchScreen.storyboard */,
			);
			path = "ToDo-Realm";
			sourceTree = "<group>";
		};
		D26636DA2947D9F2001FFAE0 /* Model */ = {
			isa = PBXGroup;
			children = (
				D26636E62947DE8A001FFAE0 /* Category.swift */,
				D26636E82947DE94001FFAE0 /* Item.swift */,
			);
			path = Model;
			sourceTree = "<group>";
		};
		D26636DB2947DA09001FFAE0 /* View */ = {
			isa = PBXGroup;
			children = (
				D26636C92947D09E001FFAE0 /* Main.storyboard */,
			);
			path = View;
			sourceTree = "<group>";
		};
		D26636DC2947DA12001FFAE0 /* Controller */ = {
			isa = PBXGroup;
			children = (
				D26636E22947DE23001FFAE0 /* CategoryTableViewController.swift */,
				D26636E42947DE2F001FFAE0 /* TableViewController.swift */,
			);
			path = Controller;
			sourceTree = "<group>";
		};
		D26636DD2947DA19001FFAE0 /* Supporting Files */ = {
			isa = PBXGroup;
			children = (
				D26636D12947D09F001FFAE0 /* Info.plist */,
			);
			path = "Supporting Files";
			sourceTree = "<group>";
		};
/* End PBXGroup section */

/* Begin PBXNativeTarget section */
		D26636BF2947D09E001FFAE0 /* ToDo-Realm */ = {
			isa = PBXNativeTarget;
			buildConfigurationList = D26636D42947D09F001FFAE0 /* Build configuration list for PBXNativeTarget "ToDo-Realm" */;
			buildPhases = (
				757A716A349312FFDA9BF266 /* [CP] Check Pods Manifest.lock */,
				D26636BC2947D09E001FFAE0 /* Sources */,
				D26636BD2947D09E001FFAE0 /* Frameworks */,
				D26636BE2947D09E001FFAE0 /* Resources */,
				7B2F535D2B45F14B099A551A /* [CP] Embed Pods Frameworks */,
			);
			buildRules = (
			);
			dependencies = (
			);
			name = "ToDo-Realm";
			packageProductDependencies = (
				D26636D82947D8F0001FFAE0 /* RealmSwift */,
			);
			productName = "ToDo-Realm";
			productReference = D26636C02947D09E001FFAE0 /* ToDo-Realm.app */;
			productType = "com.apple.product-type.application";
		};
/* End PBXNativeTarget section */

/* Begin PBXProject section */
		D26636B82947D09E001FFAE0 /* Project object */ = {
			isa = PBXProject;
			attributes = {
				BuildIndependentTargetsInParallel = 1;
				LastSwiftUpdateCheck = 1410;
				LastUpgradeCheck = 1410;
				TargetAttributes = {
					D26636BF2947D09E001FFAE0 = {
						CreatedOnToolsVersion = 14.1;
					};
				};
			};
			buildConfigurationList = D26636BB2947D09E001FFAE0 /* Build configuration list for PBXProject "ToDo-Realm" */;
			compatibilityVersion = "Xcode 14.0";
			developmentRegion = en;
			hasScannedForEncodings = 0;
			knownRegions = (
				en,
				Base,
			);
			mainGroup = D26636B72947D09E001FFAE0;
			packageReferences = (
				D26636D72947D8F0001FFAE0 /* XCRemoteSwiftPackageReference "realm-swift" */,
			);
			productRefGroup = D26636C12947D09E001FFAE0 /* Products */;
			projectDirPath = "";
			projectRoot = "";
			targets = (
				D26636BF2947D09E001FFAE0 /* ToDo-Realm */,
			);
		};
/* End PBXProject section */

/* Begin PBXResourcesBuildPhase section */
		D26636BE2947D09E001FFAE0 /* Resources */ = {
			isa = PBXResourcesBuildPhase;
			buildActionMask = 2147483647;
			files = (
				D26636D02947D09F001FFAE0 /* LaunchScreen.storyboard in Resources */,
				D26636CD2947D09F001FFAE0 /* Assets.xcassets in Resources */,
				D26636CB2947D09E001FFAE0 /* Main.storyboard in Resources */,
			);
			runOnlyForDeploymentPostprocessing = 0;
		};
/* End PBXResourcesBuildPhase section */

/* Begin PBXShellScriptBuildPhase section */
		757A716A349312FFDA9BF266 /* [CP] Check Pods Manifest.lock */ = {
			isa = PBXShellScriptBuildPhase;
			buildActionMask = 2147483647;
			files = (
			);
			inputFileListPaths = (
			);
			inputPaths = (
				"${PODS_PODFILE_DIR_PATH}/Podfile.lock",
				"${PODS_ROOT}/Manifest.lock",
			);
			name = "[CP] Check Pods Manifest.lock";
			outputFileListPaths = (
			);
			outputPaths = (
				"$(DERIVED_FILE_DIR)/Pods-ToDo-Realm-checkManifestLockResult.txt",
			);
			runOnlyForDeploymentPostprocessing = 0;
			shellPath = /bin/sh;
			shellScript = "diff \"${PODS_PODFILE_DIR_PATH}/Podfile.lock\" \"${PODS_ROOT}/Manifest.lock\" > /dev/null\nif [ $? != 0 ] ; then\n    # print error to STDERR\n    echo \"error: The sandbox is not in sync with the Podfile.lock. Run 'pod install' or update your CocoaPods installation.\" >&2\n    exit 1\nfi\n# This output is used by Xcode 'outputs' to avoid re-running this script phase.\necho \"SUCCESS\" > \"${SCRIPT_OUTPUT_FILE_0}\"\n";
			showEnvVarsInLog = 0;
		};
		7B2F535D2B45F14B099A551A /* [CP] Embed Pods Frameworks */ = {
			isa = PBXShellScriptBuildPhase;
			buildActionMask = 2147483647;
			files = (
			);
			inputFileListPaths = (
				"${PODS_ROOT}/Target Support Files/Pods-ToDo-Realm/Pods-ToDo-Realm-frameworks-${CONFIGURATION}-input-files.xcfilelist",
			);
			name = "[CP] Embed Pods Frameworks";
			outputFileListPaths = (
				"${PODS_ROOT}/Target Support Files/Pods-ToDo-Realm/Pods-ToDo-Realm-frameworks-${CONFIGURATION}-output-files.xcfilelist",
			);
			runOnlyForDeploymentPostprocessing = 0;
			shellPath = /bin/sh;
			shellScript = "\"${PODS_ROOT}/Target Support Files/Pods-ToDo-Realm/Pods-ToDo-Realm-frameworks.sh\"\n";
			showEnvVarsInLog = 0;
		};
/* End PBXShellScriptBuildPhase section */

/* Begin PBXSourcesBuildPhase section */
		D26636BC2947D09E001FFAE0 /* Sources */ = {
			isa = PBXSourcesBuildPhase;
			buildActionMask = 2147483647;
			files = (
				D26636C42947D09E001FFAE0 /* AppDelegate.swift in Sources */,
				D26636E72947DE8A001FFAE0 /* Category.swift in Sources */,
				D26636C62947D09E001FFAE0 /* SceneDelegate.swift in Sources */,
				D26636E32947DE23001FFAE0 /* CategoryTableViewController.swift in Sources */,
				D26636E92947DE94001FFAE0 /* Item.swift in Sources */,
				D26636E52947DE2F001FFAE0 /* TableViewController.swift in Sources */,
			);
			runOnlyForDeploymentPostprocessing = 0;
		};
/* End PBXSourcesBuildPhase section */

/* Begin PBXVariantGroup section */
		D26636C92947D09E001FFAE0 /* Main.storyboard */ = {
			isa = PBXVariantGroup;
			children = (
				D26636CA2947D09E001FFAE0 /* Base */,
			);
			name = Main.storyboard;
			sourceTree = "<group>";
		};
		D26636CE2947D09F001FFAE0 /* LaunchScreen.storyboard */ = {
			isa = PBXVariantGroup;
			children = (
				D26636CF2947D09F001FFAE0 /* Base */,
			);
			name = LaunchScreen.storyboard;
			sourceTree = "<group>";
		};
/* End PBXVariantGroup section */

/* Begin XCBuildConfiguration section */
		D26636D22947D09F001FFAE0 /* Debug */ = {
			isa = XCBuildConfiguration;
			buildSettings = {
				ALWAYS_SEARCH_USER_PATHS = NO;
				CLANG_ANALYZER_NONNULL = YES;
				CLANG_ANALYZER_NUMBER_OBJECT_CONVERSION = YES_AGGRESSIVE;
				CLANG_CXX_LANGUAGE_STANDARD = "gnu++20";
				CLANG_ENABLE_MODULES = YES;
				CLANG_ENABLE_OBJC_ARC = YES;
				CLANG_ENABLE_OBJC_WEAK = YES;
				CLANG_WARN_BLOCK_CAPTURE_AUTORELEASING = YES;
				CLANG_WARN_BOOL_CONVERSION = YES;
				CLANG_WARN_COMMA = YES;
				CLANG_WARN_CONSTANT_CONVERSION = YES;
				CLANG_WARN_DEPRECATED_OBJC_IMPLEMENTATIONS = YES;
				CLANG_WARN_DIRECT_OBJC_ISA_USAGE = YES_ERROR;
				CLANG_WARN_DOCUMENTATION_COMMENTS = YES;
				CLANG_WARN_EMPTY_BODY = YES;
				CLANG_WARN_ENUM_CONVERSION = YES;
				CLANG_WARN_INFINITE_RECURSION = YES;
				CLANG_WARN_INT_CONVERSION = YES;
				CLANG_WARN_NON_LITERAL_NULL_CONVERSION = YES;
				CLANG_WARN_OBJC_IMPLICIT_RETAIN_SELF = YES;
				CLANG_WARN_OBJC_LITERAL_CONVERSION = YES;
				CLANG_WARN_OBJC_ROOT_CLASS = YES_ERROR;
				CLANG_WARN_QUOTED_INCLUDE_IN_FRAMEWORK_HEADER = YES;
				CLANG_WARN_RANGE_LOOP_ANALYSIS = YES;
				CLANG_WARN_STRICT_PROTOTYPES = YES;
				CLANG_WARN_SUSPICIOUS_MOVE = YES;
				CLANG_WARN_UNGUARDED_AVAILABILITY = YES_AGGRESSIVE;
				CLANG_WARN_UNREACHABLE_CODE = YES;
				CLANG_WARN__DUPLICATE_METHOD_MATCH = YES;
				COPY_PHASE_STRIP = NO;
				DEBUG_INFORMATION_FORMAT = dwarf;
				ENABLE_STRICT_OBJC_MSGSEND = YES;
				ENABLE_TESTABILITY = YES;
				GCC_C_LANGUAGE_STANDARD = gnu11;
				GCC_DYNAMIC_NO_PIC = NO;
				GCC_NO_COMMON_BLOCKS = YES;
				GCC_OPTIMIZATION_LEVEL = 0;
				GCC_PREPROCESSOR_DEFINITIONS = (
					"DEBUG=1",
					"$(inherited)",
				);
				GCC_WARN_64_TO_32_BIT_CONVERSION = YES;
				GCC_WARN_ABOUT_RETURN_TYPE = YES_ERROR;
				GCC_WARN_UNDECLARED_SELECTOR = YES;
				GCC_WARN_UNINITIALIZED_AUTOS = YES_AGGRESSIVE;
				GCC_WARN_UNUSED_FUNCTION = YES;
				GCC_WARN_UNUSED_VARIABLE = YES;
				IPHONEOS_DEPLOYMENT_TARGET = 16.1;
				MTL_ENABLE_DEBUG_INFO = INCLUDE_SOURCE;
				MTL_FAST_MATH = YES;
				ONLY_ACTIVE_ARCH = YES;
				SDKROOT = iphoneos;
				SWIFT_ACTIVE_COMPILATION_CONDITIONS = DEBUG;
				SWIFT_OPTIMIZATION_LEVEL = "-Onone";
			};
			name = Debug;
		};
		D26636D32947D09F001FFAE0 /* Release */ = {
			isa = XCBuildConfiguration;
			buildSettings = {
				ALWAYS_SEARCH_USER_PATHS = NO;
				CLANG_ANALYZER_NONNULL = YES;
				CLANG_ANALYZER_NUMBER_OBJECT_CONVERSION = YES_AGGRESSIVE;
				CLANG_CXX_LANGUAGE_STANDARD = "gnu++20";
				CLANG_ENABLE_MODULES = YES;
				CLANG_ENABLE_OBJC_ARC = YES;
				CLANG_ENABLE_OBJC_WEAK = YES;
				CLANG_WARN_BLOCK_CAPTURE_AUTORELEASING = YES;
				CLANG_WARN_BOOL_CONVERSION = YES;
				CLANG_WARN_COMMA = YES;
				CLANG_WARN_CONSTANT_CONVERSION = YES;
				CLANG_WARN_DEPRECATED_OBJC_IMPLEMENTATIONS = YES;
				CLANG_WARN_DIRECT_OBJC_ISA_USAGE = YES_ERROR;
				CLANG_WARN_DOCUMENTATION_COMMENTS = YES;
				CLANG_WARN_EMPTY_BODY = YES;
				CLANG_WARN_ENUM_CONVERSION = YES;
				CLANG_WARN_INFINITE_RECURSION = YES;
				CLANG_WARN_INT_CONVERSION = YES;
				CLANG_WARN_NON_LITERAL_NULL_CONVERSION = YES;
				CLANG_WARN_OBJC_IMPLICIT_RETAIN_SELF = YES;
				CLANG_WARN_OBJC_LITERAL_CONVERSION = YES;
				CLANG_WARN_OBJC_ROOT_CLASS = YES_ERROR;
				CLANG_WARN_QUOTED_INCLUDE_IN_FRAMEWORK_HEADER = YES;
				CLANG_WARN_RANGE_LOOP_ANALYSIS = YES;
				CLANG_WARN_STRICT_PROTOTYPES = YES;
				CLANG_WARN_SUSPICIOUS_MOVE = YES;
				CLANG_WARN_UNGUARDED_AVAILABILITY = YES_AGGRESSIVE;
				CLANG_WARN_UNREACHABLE_CODE = YES;
				CLANG_WARN__DUPLICATE_METHOD_MATCH = YES;
				COPY_PHASE_STRIP = NO;
				DEBUG_INFORMATION_FORMAT = "dwarf-with-dsym";
				ENABLE_NS_ASSERTIONS = NO;
				ENABLE_STRICT_OBJC_MSGSEND = YES;
				GCC_C_LANGUAGE_STANDARD = gnu11;
				GCC_NO_COMMON_BLOCKS = YES;
				GCC_WARN_64_TO_32_BIT_CONVERSION = YES;
				GCC_WARN_ABOUT_RETURN_TYPE = YES_ERROR;
				GCC_WARN_UNDECLARED_SELECTOR = YES;
				GCC_WARN_UNINITIALIZED_AUTOS = YES_AGGRESSIVE;
				GCC_WARN_UNUSED_FUNCTION = YES;
				GCC_WARN_UNUSED_VARIABLE = YES;
				IPHONEOS_DEPLOYMENT_TARGET = 16.1;
				MTL_ENABLE_DEBUG_INFO = NO;
				MTL_FAST_MATH = YES;
				SDKROOT = iphoneos;
				SWIFT_COMPILATION_MODE = wholemodule;
				SWIFT_OPTIMIZATION_LEVEL = "-O";
				VALIDATE_PRODUCT = YES;
			};
			name = Release;
		};
		D26636D52947D09F001FFAE0 /* Debug */ = {
			isa = XCBuildConfiguration;
			baseConfigurationReference = 4ABFFD7771B5A397E1E35EA4 /* Pods-ToDo-Realm.debug.xcconfig */;
			buildSettings = {
				ASSETCATALOG_COMPILER_APPICON_NAME = AppIcon;
				ASSETCATALOG_COMPILER_GLOBAL_ACCENT_COLOR_NAME = AccentColor;
				CODE_SIGN_STYLE = Automatic;
				CURRENT_PROJECT_VERSION = 1;
				GENERATE_INFOPLIST_FILE = YES;
				INFOPLIST_FILE = "ToDo-Realm/Supporting Files/Info.plist";
				INFOPLIST_KEY_UIApplicationSupportsIndirectInputEvents = YES;
				INFOPLIST_KEY_UILaunchStoryboardName = LaunchScreen;
				INFOPLIST_KEY_UIMainStoryboardFile = Main;
				INFOPLIST_KEY_UISupportedInterfaceOrientations_iPad = "UIInterfaceOrientationPortrait UIInterfaceOrientationPortraitUpsideDown UIInterfaceOrientationLandscapeLeft UIInterfaceOrientationLandscapeRight";
				INFOPLIST_KEY_UISupportedInterfaceOrientations_iPhone = "UIInterfaceOrientationPortrait UIInterfaceOrientationLandscapeLeft UIInterfaceOrientationLandscapeRight";
				IPHONEOS_DEPLOYMENT_TARGET = 13.0;
				LD_RUNPATH_SEARCH_PATHS = (
					"$(inherited)",
					"@executable_path/Frameworks",
				);
				MARKETING_VERSION = 1.0;
				PRODUCT_BUNDLE_IDENTIFIER = "com.kamilcal.ToDo-Realm";
				PRODUCT_NAME = "$(TARGET_NAME)";
				SUPPORTED_PLATFORMS = "iphoneos iphonesimulator";
				SUPPORTS_MACCATALYST = NO;
				SUPPORTS_MAC_DESIGNED_FOR_IPHONE_IPAD = NO;
				SWIFT_EMIT_LOC_STRINGS = YES;
				SWIFT_VERSION = 5.0;
				TARGETED_DEVICE_FAMILY = 1;
			};
			name = Debug;
		};
		D26636D62947D09F001FFAE0 /* Release */ = {
			isa = XCBuildConfiguration;
			baseConfigurationReference = EB48B5EC390E987A09B77798 /* Pods-ToDo-Realm.release.xcconfig */;
			buildSettings = {
				ASSETCATALOG_COMPILER_APPICON_NAME = AppIcon;
				ASSETCATALOG_COMPILER_GLOBAL_ACCENT_COLOR_NAME = AccentColor;
				CODE_SIGN_STYLE = Automatic;
				CURRENT_PROJECT_VERSION = 1;
				GENERATE_INFOPLIST_FILE = YES;
				INFOPLIST_FILE = "ToDo-Realm/Supporting Files/Info.plist";
				INFOPLIST_KEY_UIApplicationSupportsIndirectInputEvents = YES;
				INFOPLIST_KEY_UILaunchStoryboardName = LaunchScreen;
				INFOPLIST_KEY_UIMainStoryboardFile = Main;
				INFOPLIST_KEY_UISupportedInterfaceOrientations_iPad = "UIInterfaceOrientationPortrait UIInterfaceOrientationPortraitUpsideDown UIInterfaceOrientationLandscapeLeft UIInterfaceOrientationLandscapeRight";
				INFOPLIST_KEY_UISupportedInterfaceOrientations_iPhone = "UIInterfaceOrientationPortrait UIInterfaceOrientationLandscapeLeft UIInterfaceOrientationLandscapeRight";
				IPHONEOS_DEPLOYMENT_TARGET = 13.0;
				LD_RUNPATH_SEARCH_PATHS = (
					"$(inherited)",
					"@executable_path/Frameworks",
				);
				MARKETING_VERSION = 1.0;
				PRODUCT_BUNDLE_IDENTIFIER = "com.kamilcal.ToDo-Realm";
				PRODUCT_NAME = "$(TARGET_NAME)";
				SUPPORTED_PLATFORMS = "iphoneos iphonesimulator";
				SUPPORTS_MACCATALYST = NO;
				SUPPORTS_MAC_DESIGNED_FOR_IPHONE_IPAD = NO;
				SWIFT_EMIT_LOC_STRINGS = YES;
				SWIFT_VERSION = 5.0;
				TARGETED_DEVICE_FAMILY = 1;
			};
			name = Release;
		};
/* End XCBuildConfiguration section */

/* Begin XCConfigurationList section */
		D26636BB2947D09E001FFAE0 /* Build configuration list for PBXProject "ToDo-Realm" */ = {
			isa = XCConfigurationList;
			buildConfigurations = (
				D26636D22947D09F001FFAE0 /* Debug */,
				D26636D32947D09F001FFAE0 /* Release */,
			);
			defaultConfigurationIsVisible = 0;
			defaultConfigurationName = Release;
		};
		D26636D42947D09F001FFAE0 /* Build configuration list for PBXNativeTarget "ToDo-Realm" */ = {
			isa = XCConfigurationList;
			buildConfigurations = (
				D26636D52947D09F001FFAE0 /* Debug */,
				D26636D62947D09F001FFAE0 /* Release */,
			);
			defaultConfigurationIsVisible = 0;
			defaultConfigurationName = Release;
		};
/* End XCConfigurationList section */

/* Begin XCRemoteSwiftPackageReference section */
		D26636D72947D8F0001FFAE0 /* XCRemoteSwiftPackageReference "realm-swift" */ = {
			isa = XCRemoteSwiftPackageReference;
			repositoryURL = "https://github.com/realm/realm-swift";
			requirement = {
				kind = upToNextMajorVersion;
				minimumVersion = 10.33.0;
			};
		};
/* End XCRemoteSwiftPackageReference section */

/* Begin XCSwiftPackageProductDependency section */
		D26636D82947D8F0001FFAE0 /* RealmSwift */ = {
			isa = XCSwiftPackageProductDependency;
			package = D26636D72947D8F0001FFAE0 /* XCRemoteSwiftPackageReference "realm-swift" */;
			productName = RealmSwift;
		};
/* End XCSwiftPackageProductDependency section */
	};
	rootObject = D26636B82947D09E001FFAE0 /* Project object */;
}
